
Microsoft Visual Studio Solution File, Format Version 12.00
# Visual Studio Version 17
VisualStudioVersion = 17.9.34607.119
MinimumVisualStudioVersion = 10.0.40219.1
Project("{FAE04EC0-301F-11D3-BF4B-00C04F79EFBC}") = "PracticumSearchAlgorithms", "PracticumSearchAlgorithms\PracticumSearchAlgorithms.csproj", "{D7D1F642-7E13-49E8-B9CD-8EEBEF93093A}"
EndProject
Global
	GlobalSection(SolutionConfigurationPlatforms) = preSolution
		Debug|Any CPU = Debug|Any CPU
		Release|Any CPU = Release|Any CPU
	EndGlobalSection
	GlobalSection(ProjectConfigurationPlatforms) = postSolution
		{D7D1F642-7E13-49E8-B9CD-8EEBEF93093A}.Debug|Any CPU.ActiveCfg = Debug|Any CPU
		{D7D1F642-7E13-49E8-B9CD-8EEBEF93093A}.Debug|Any CPU.Build.0 = Debug|Any CPU
		{D7D1F642-7E13-49E8-B9CD-8EEBEF93093A}.Release|Any CPU.ActiveCfg = Release|Any CPU
		{D7D1F642-7E13-49E8-B9CD-8EEBEF93093A}.Release|Any CPU.Build.0 = Release|Any CPU
	EndGlobalSection
	GlobalSection(SolutionProperties) = preSolution
		HideSolutionNode = FALSE
	EndGlobalSection
	GlobalSection(ExtensibilityGlobals) = postSolution
		SolutionGuid = {A869DDD8-0933-430C-858E-7FF92BC8D0AA}
	EndGlobalSection
EndGlobal
